// !$*UTF8*$!
{
	archiveVersion = 1;
	classes = {
	};
	objectVersion = 56;
	objects = {

/* Begin PBXBuildFile section */
		60C501993C6A299F08A33644 /* Pods_TestWeather.framework in Frameworks */ = {isa = PBXBuildFile; fileRef = F6D37305EE1C5F3C2901996E /* Pods_TestWeather.framework */; };
		66678D1C2BE10847003BED1A /* WeatherViewModel.swift in Sources */ = {isa = PBXBuildFile; fileRef = 66678D1B2BE10847003BED1A /* WeatherViewModel.swift */; };
		66678D1E2BE1098F003BED1A /* LoaderView.swift in Sources */ = {isa = PBXBuildFile; fileRef = 66678D1D2BE1098F003BED1A /* LoaderView.swift */; };
		6678923E2BDFD1B500833942 /* NetworkService.swift in Sources */ = {isa = PBXBuildFile; fileRef = 6678923D2BDFD1B500833942 /* NetworkService.swift */; };
		667892402BDFDA6F00833942 /* LocationService.swift in Sources */ = {isa = PBXBuildFile; fileRef = 6678923F2BDFDA6F00833942 /* LocationService.swift */; };
		667892452BDFE23F00833942 /* WeatherViewController.swift in Sources */ = {isa = PBXBuildFile; fileRef = 667892442BDFE23F00833942 /* WeatherViewController.swift */; };
		667892482BDFE35600833942 /* SearchViewController.swift in Sources */ = {isa = PBXBuildFile; fileRef = 667892472BDFE35600833942 /* SearchViewController.swift */; };
		6678924C2BDFE88700833942 /* BaseTableViewController.swift in Sources */ = {isa = PBXBuildFile; fileRef = 6678924B2BDFE88700833942 /* BaseTableViewController.swift */; };
		6678924E2BDFF47C00833942 /* SearchTableViewCell.swift in Sources */ = {isa = PBXBuildFile; fileRef = 6678924D2BDFF47C00833942 /* SearchTableViewCell.swift */; };
		667892502BDFF6E300833942 /* SearchViewControllerModel.swift in Sources */ = {isa = PBXBuildFile; fileRef = 6678924F2BDFF6E300833942 /* SearchViewControllerModel.swift */; };
		669882BD2BDFCD2000152E38 /* AppDelegate.swift in Sources */ = {isa = PBXBuildFile; fileRef = 669882BC2BDFCD2000152E38 /* AppDelegate.swift */; };
		669882BF2BDFCD2000152E38 /* SceneDelegate.swift in Sources */ = {isa = PBXBuildFile; fileRef = 669882BE2BDFCD2000152E38 /* SceneDelegate.swift */; };
		669882C42BDFCD2000152E38 /* Main.storyboard in Resources */ = {isa = PBXBuildFile; fileRef = 669882C22BDFCD2000152E38 /* Main.storyboard */; };
		669882C72BDFCD2000152E38 /* TestWeather.xcdatamodeld in Sources */ = {isa = PBXBuildFile; fileRef = 669882C52BDFCD2000152E38 /* TestWeather.xcdatamodeld */; };
		669882C92BDFCD2100152E38 /* Assets.xcassets in Resources */ = {isa = PBXBuildFile; fileRef = 669882C82BDFCD2100152E38 /* Assets.xcassets */; };
		669882CC2BDFCD2100152E38 /* LaunchScreen.storyboard in Resources */ = {isa = PBXBuildFile; fileRef = 669882CA2BDFCD2100152E38 /* LaunchScreen.storyboard */; };
		66D516602BE11BE500C621F9 /* WeatherinfoView.swift in Sources */ = {isa = PBXBuildFile; fileRef = 66D5165F2BE11BE500C621F9 /* WeatherinfoView.swift */; };
		66D516622BE11BF100C621F9 /* WeatherinfoView.xib in Resources */ = {isa = PBXBuildFile; fileRef = 66D516612BE11BF100C621F9 /* WeatherinfoView.xib */; };
		66D516652BE1244800C621F9 /* UIStoryboard.swift in Sources */ = {isa = PBXBuildFile; fileRef = 66D516642BE1244800C621F9 /* UIStoryboard.swift */; };
		66D516672BE1250400C621F9 /* UIViewController.swift in Sources */ = {isa = PBXBuildFile; fileRef = 66D516662BE1250400C621F9 /* UIViewController.swift */; };
		66D5166A2BE1291700C621F9 /* City.swift in Sources */ = {isa = PBXBuildFile; fileRef = 66D516692BE1291700C621F9 /* City.swift */; };
		66D5166C2BE1291F00C621F9 /* Weather.swift in Sources */ = {isa = PBXBuildFile; fileRef = 66D5166B2BE1291F00C621F9 /* Weather.swift */; };
/* End PBXBuildFile section */

/* Begin PBXFileReference section */
		150455E3DEBD20462EC98D41 /* Pods-TestWeather.release.xcconfig */ = {isa = PBXFileReference; includeInIndex = 1; lastKnownFileType = text.xcconfig; name = "Pods-TestWeather.release.xcconfig"; path = "Target Support Files/Pods-TestWeather/Pods-TestWeather.release.xcconfig"; sourceTree = "<group>"; };
		66678D1B2BE10847003BED1A /* WeatherViewModel.swift */ = {isa = PBXFileReference; lastKnownFileType = sourcecode.swift; path = WeatherViewModel.swift; sourceTree = "<group>"; };
		66678D1D2BE1098F003BED1A /* LoaderView.swift */ = {isa = PBXFileReference; lastKnownFileType = sourcecode.swift; path = LoaderView.swift; sourceTree = "<group>"; };
		6678923D2BDFD1B500833942 /* NetworkService.swift */ = {isa = PBXFileReference; lastKnownFileType = sourcecode.swift; path = NetworkService.swift; sourceTree = "<group>"; };
		6678923F2BDFDA6F00833942 /* LocationService.swift */ = {isa = PBXFileReference; lastKnownFileType = sourcecode.swift; path = LocationService.swift; sourceTree = "<group>"; };
		667892442BDFE23F00833942 /* WeatherViewController.swift */ = {isa = PBXFileReference; lastKnownFileType = sourcecode.swift; path = WeatherViewController.swift; sourceTree = "<group>"; };
		667892472BDFE35600833942 /* SearchViewController.swift */ = {isa = PBXFileReference; lastKnownFileType = sourcecode.swift; path = SearchViewController.swift; sourceTree = "<group>"; };
		6678924B2BDFE88700833942 /* BaseTableViewController.swift */ = {isa = PBXFileReference; lastKnownFileType = sourcecode.swift; path = BaseTableViewController.swift; sourceTree = "<group>"; };
		6678924D2BDFF47C00833942 /* SearchTableViewCell.swift */ = {isa = PBXFileReference; lastKnownFileType = sourcecode.swift; path = SearchTableViewCell.swift; sourceTree = "<group>"; };
		6678924F2BDFF6E300833942 /* SearchViewControllerModel.swift */ = {isa = PBXFileReference; lastKnownFileType = sourcecode.swift; path = SearchViewControllerModel.swift; sourceTree = "<group>"; };
		669882B92BDFCD2000152E38 /* TestWeather.app */ = {isa = PBXFileReference; explicitFileType = wrapper.application; includeInIndex = 0; path = TestWeather.app; sourceTree = BUILT_PRODUCTS_DIR; };
		669882BC2BDFCD2000152E38 /* AppDelegate.swift */ = {isa = PBXFileReference; lastKnownFileType = sourcecode.swift; path = AppDelegate.swift; sourceTree = "<group>"; };
		669882BE2BDFCD2000152E38 /* SceneDelegate.swift */ = {isa = PBXFileReference; lastKnownFileType = sourcecode.swift; path = SceneDelegate.swift; sourceTree = "<group>"; };
		669882C32BDFCD2000152E38 /* Base */ = {isa = PBXFileReference; lastKnownFileType = file.storyboard; name = Base; path = Base.lproj/Main.storyboard; sourceTree = "<group>"; };
		669882C62BDFCD2000152E38 /* TestWeather.xcdatamodel */ = {isa = PBXFileReference; lastKnownFileType = wrapper.xcdatamodel; path = TestWeather.xcdatamodel; sourceTree = "<group>"; };
		669882C82BDFCD2100152E38 /* Assets.xcassets */ = {isa = PBXFileReference; lastKnownFileType = folder.assetcatalog; path = Assets.xcassets; sourceTree = "<group>"; };
		669882CB2BDFCD2100152E38 /* Base */ = {isa = PBXFileReference; lastKnownFileType = file.storyboard; name = Base; path = Base.lproj/LaunchScreen.storyboard; sourceTree = "<group>"; };
		669882CD2BDFCD2100152E38 /* Info.plist */ = {isa = PBXFileReference; lastKnownFileType = text.plist.xml; path = Info.plist; sourceTree = "<group>"; };
		66D5165F2BE11BE500C621F9 /* WeatherinfoView.swift */ = {isa = PBXFileReference; lastKnownFileType = sourcecode.swift; path = WeatherinfoView.swift; sourceTree = "<group>"; };
		66D516612BE11BF100C621F9 /* WeatherinfoView.xib */ = {isa = PBXFileReference; lastKnownFileType = file.xib; path = WeatherinfoView.xib; sourceTree = "<group>"; };
		66D516642BE1244800C621F9 /* UIStoryboard.swift */ = {isa = PBXFileReference; lastKnownFileType = sourcecode.swift; path = UIStoryboard.swift; sourceTree = "<group>"; };
		66D516662BE1250400C621F9 /* UIViewController.swift */ = {isa = PBXFileReference; lastKnownFileType = sourcecode.swift; path = UIViewController.swift; sourceTree = "<group>"; };
		66D516692BE1291700C621F9 /* City.swift */ = {isa = PBXFileReference; lastKnownFileType = sourcecode.swift; path = City.swift; sourceTree = "<group>"; };
		66D5166B2BE1291F00C621F9 /* Weather.swift */ = {isa = PBXFileReference; lastKnownFileType = sourcecode.swift; path = Weather.swift; sourceTree = "<group>"; };
		7E981B3D75BB95A2DB3EC5AB /* Pods-TestWeather.debug.xcconfig */ = {isa = PBXFileReference; includeInIndex = 1; lastKnownFileType = text.xcconfig; name = "Pods-TestWeather.debug.xcconfig"; path = "Target Support Files/Pods-TestWeather/Pods-TestWeather.debug.xcconfig"; sourceTree = "<group>"; };
		F6D37305EE1C5F3C2901996E /* Pods_TestWeather.framework */ = {isa = PBXFileReference; explicitFileType = wrapper.framework; includeInIndex = 0; path = Pods_TestWeather.framework; sourceTree = BUILT_PRODUCTS_DIR; };
/* End PBXFileReference section */

/* Begin PBXFrameworksBuildPhase section */
		669882B62BDFCD2000152E38 /* Frameworks */ = {
			isa = PBXFrameworksBuildPhase;
			buildActionMask = 2147483647;
			files = (
				60C501993C6A299F08A33644 /* Pods_TestWeather.framework in Frameworks */,
			);
			runOnlyForDeploymentPostprocessing = 0;
		};
/* End PBXFrameworksBuildPhase section */

/* Begin PBXGroup section */
		32AFCBD540D79C81F1948926 /* Pods */ = {
			isa = PBXGroup;
			children = (
				7E981B3D75BB95A2DB3EC5AB /* Pods-TestWeather.debug.xcconfig */,
				150455E3DEBD20462EC98D41 /* Pods-TestWeather.release.xcconfig */,
			);
			path = Pods;
			sourceTree = "<group>";
		};
		6678923C2BDFD1A500833942 /* Services */ = {
			isa = PBXGroup;
			children = (
				6678923D2BDFD1B500833942 /* NetworkService.swift */,
				6678923F2BDFDA6F00833942 /* LocationService.swift */,
			);
			path = Services;
			sourceTree = "<group>";
		};
		667892412BDFE16100833942 /* ViewControllers */ = {
			isa = PBXGroup;
			children = (
				667892422BDFE20500833942 /* WeatherViewController */,
				667892432BDFE21600833942 /* SearchViewController */,
			);
			path = ViewControllers;
			sourceTree = "<group>";
		};
		667892422BDFE20500833942 /* WeatherViewController */ = {
			isa = PBXGroup;
			children = (
				66678D1B2BE10847003BED1A /* WeatherViewModel.swift */,
				667892442BDFE23F00833942 /* WeatherViewController.swift */,
				667892462BDFE26800833942 /* Subviews */,
			);
			path = WeatherViewController;
			sourceTree = "<group>";
		};
		667892432BDFE21600833942 /* SearchViewController */ = {
			isa = PBXGroup;
			children = (
				6678924F2BDFF6E300833942 /* SearchViewControllerModel.swift */,
				667892472BDFE35600833942 /* SearchViewController.swift */,
				667892492BDFE35900833942 /* Cells */,
			);
			path = SearchViewController;
			sourceTree = "<group>";
		};
		667892462BDFE26800833942 /* Subviews */ = {
			isa = PBXGroup;
			children = (
				66D5165E2BE11BC400C621F9 /* WeatherInoView */,
				66678D1D2BE1098F003BED1A /* LoaderView.swift */,
			);
			path = Subviews;
			sourceTree = "<group>";
		};
		667892492BDFE35900833942 /* Cells */ = {
			isa = PBXGroup;
			children = (
				6678924D2BDFF47C00833942 /* SearchTableViewCell.swift */,
			);
			path = Cells;
			sourceTree = "<group>";
		};
		6678924A2BDFE87300833942 /* Base */ = {
			isa = PBXGroup;
			children = (
				6678924B2BDFE88700833942 /* BaseTableViewController.swift */,
			);
			path = Base;
			sourceTree = "<group>";
		};
		669882B02BDFCD2000152E38 = {
			isa = PBXGroup;
			children = (
				669882BB2BDFCD2000152E38 /* TestWeather */,
				669882BA2BDFCD2000152E38 /* Products */,
				32AFCBD540D79C81F1948926 /* Pods */,
				A0E272B079358CFBB7069A1E /* Frameworks */,
			);
			sourceTree = "<group>";
		};
		669882BA2BDFCD2000152E38 /* Products */ = {
			isa = PBXGroup;
			children = (
				669882B92BDFCD2000152E38 /* TestWeather.app */,
			);
			name = Products;
			sourceTree = "<group>";
		};
		669882BB2BDFCD2000152E38 /* TestWeather */ = {
			isa = PBXGroup;
			children = (
				66D516682BE1290B00C621F9 /* Models */,
				6678924A2BDFE87300833942 /* Base */,
				66D516632BE1241100C621F9 /* Extensions */,
				667892412BDFE16100833942 /* ViewControllers */,
				6678923C2BDFD1A500833942 /* Services */,
				669882BC2BDFCD2000152E38 /* AppDelegate.swift */,
				669882BE2BDFCD2000152E38 /* SceneDelegate.swift */,
				669882C22BDFCD2000152E38 /* Main.storyboard */,
				669882C82BDFCD2100152E38 /* Assets.xcassets */,
				669882CA2BDFCD2100152E38 /* LaunchScreen.storyboard */,
				669882CD2BDFCD2100152E38 /* Info.plist */,
				669882C52BDFCD2000152E38 /* TestWeather.xcdatamodeld */,
			);
			path = TestWeather;
			sourceTree = "<group>";
		};
		66D5165E2BE11BC400C621F9 /* WeatherInoView */ = {
			isa = PBXGroup;
			children = (
				66D5165F2BE11BE500C621F9 /* WeatherinfoView.swift */,
				66D516612BE11BF100C621F9 /* WeatherinfoView.xib */,
			);
			path = WeatherInoView;
			sourceTree = "<group>";
		};
		66D516632BE1241100C621F9 /* Extensions */ = {
			isa = PBXGroup;
			children = (
				66D516642BE1244800C621F9 /* UIStoryboard.swift */,
				66D516662BE1250400C621F9 /* UIViewController.swift */,
			);
			path = Extensions;
			sourceTree = "<group>";
		};
		66D516682BE1290B00C621F9 /* Models */ = {
			isa = PBXGroup;
			children = (
				66D516692BE1291700C621F9 /* City.swift */,
				66D5166B2BE1291F00C621F9 /* Weather.swift */,
			);
			path = Models;
			sourceTree = "<group>";
		};
		A0E272B079358CFBB7069A1E /* Frameworks */ = {
			isa = PBXGroup;
			children = (
				F6D37305EE1C5F3C2901996E /* Pods_TestWeather.framework */,
			);
			name = Frameworks;
			sourceTree = "<group>";
		};
/* End PBXGroup section */

/* Begin PBXNativeTarget section */
		669882B82BDFCD2000152E38 /* TestWeather */ = {
			isa = PBXNativeTarget;
			buildConfigurationList = 669882D02BDFCD2100152E38 /* Build configuration list for PBXNativeTarget "TestWeather" */;
			buildPhases = (
				C35F030935DC2A0E003AF8DE /* [CP] Check Pods Manifest.lock */,
				669882B52BDFCD2000152E38 /* Sources */,
				669882B62BDFCD2000152E38 /* Frameworks */,
				669882B72BDFCD2000152E38 /* Resources */,
				4BA6964C4336B1200CBECB91 /* [CP] Embed Pods Frameworks */,
			);
			buildRules = (
			);
			dependencies = (
			);
			name = TestWeather;
			productName = TestWeather;
			productReference = 669882B92BDFCD2000152E38 /* TestWeather.app */;
			productType = "com.apple.product-type.application";
		};
/* End PBXNativeTarget section */

/* Begin PBXProject section */
		669882B12BDFCD2000152E38 /* Project object */ = {
			isa = PBXProject;
			attributes = {
				BuildIndependentTargetsInParallel = 1;
				LastSwiftUpdateCheck = 1510;
				LastUpgradeCheck = 1510;
				TargetAttributes = {
					669882B82BDFCD2000152E38 = {
						CreatedOnToolsVersion = 15.1;
					};
				};
			};
			buildConfigurationList = 669882B42BDFCD2000152E38 /* Build configuration list for PBXProject "TestWeather" */;
			compatibilityVersion = "Xcode 14.0";
			developmentRegion = en;
			hasScannedForEncodings = 0;
			knownRegions = (
				en,
				Base,
			);
			mainGroup = 669882B02BDFCD2000152E38;
			productRefGroup = 669882BA2BDFCD2000152E38 /* Products */;
			projectDirPath = "";
			projectRoot = "";
			targets = (
				669882B82BDFCD2000152E38 /* TestWeather */,
			);
		};
/* End PBXProject section */

/* Begin PBXResourcesBuildPhase section */
		669882B72BDFCD2000152E38 /* Resources */ = {
			isa = PBXResourcesBuildPhase;
			buildActionMask = 2147483647;
			files = (
				669882CC2BDFCD2100152E38 /* LaunchScreen.storyboard in Resources */,
				669882C92BDFCD2100152E38 /* Assets.xcassets in Resources */,
				669882C42BDFCD2000152E38 /* Main.storyboard in Resources */,
				66D516622BE11BF100C621F9 /* WeatherinfoView.xib in Resources */,
			);
			runOnlyForDeploymentPostprocessing = 0;
		};
/* End PBXResourcesBuildPhase section */

/* Begin PBXShellScriptBuildPhase section */
		4BA6964C4336B1200CBECB91 /* [CP] Embed Pods Frameworks */ = {
			isa = PBXShellScriptBuildPhase;
			buildActionMask = 2147483647;
			files = (
			);
			inputFileListPaths = (
				"${PODS_ROOT}/Target Support Files/Pods-TestWeather/Pods-TestWeather-frameworks-${CONFIGURATION}-input-files.xcfilelist",
			);
			name = "[CP] Embed Pods Frameworks";
			outputFileListPaths = (
				"${PODS_ROOT}/Target Support Files/Pods-TestWeather/Pods-TestWeather-frameworks-${CONFIGURATION}-output-files.xcfilelist",
			);
			runOnlyForDeploymentPostprocessing = 0;
			shellPath = /bin/sh;
			shellScript = "\"${PODS_ROOT}/Target Support Files/Pods-TestWeather/Pods-TestWeather-frameworks.sh\"\n";
			showEnvVarsInLog = 0;
		};
		C35F030935DC2A0E003AF8DE /* [CP] Check Pods Manifest.lock */ = {
			isa = PBXShellScriptBuildPhase;
			buildActionMask = 2147483647;
			files = (
			);
			inputFileListPaths = (
			);
			inputPaths = (
				"${PODS_PODFILE_DIR_PATH}/Podfile.lock",
				"${PODS_ROOT}/Manifest.lock",
			);
			name = "[CP] Check Pods Manifest.lock";
			outputFileListPaths = (
			);
			outputPaths = (
				"$(DERIVED_FILE_DIR)/Pods-TestWeather-checkManifestLockResult.txt",
			);
			runOnlyForDeploymentPostprocessing = 0;
			shellPath = /bin/sh;
			shellScript = "diff \"${PODS_PODFILE_DIR_PATH}/Podfile.lock\" \"${PODS_ROOT}/Manifest.lock\" > /dev/null\nif [ $? != 0 ] ; then\n    # print error to STDERR\n    echo \"error: The sandbox is not in sync with the Podfile.lock. Run 'pod install' or update your CocoaPods installation.\" >&2\n    exit 1\nfi\n# This output is used by Xcode 'outputs' to avoid re-running this script phase.\necho \"SUCCESS\" > \"${SCRIPT_OUTPUT_FILE_0}\"\n";
			showEnvVarsInLog = 0;
		};
/* End PBXShellScriptBuildPhase section */

/* Begin PBXSourcesBuildPhase section */
		669882B52BDFCD2000152E38 /* Sources */ = {
			isa = PBXSourcesBuildPhase;
			buildActionMask = 2147483647;
			files = (
				6678924C2BDFE88700833942 /* BaseTableViewController.swift in Sources */,
				66D5166C2BE1291F00C621F9 /* Weather.swift in Sources */,
				6678923E2BDFD1B500833942 /* NetworkService.swift in Sources */,
				669882C72BDFCD2000152E38 /* TestWeather.xcdatamodeld in Sources */,
				66678D1C2BE10847003BED1A /* WeatherViewModel.swift in Sources */,
				667892482BDFE35600833942 /* SearchViewController.swift in Sources */,
				66678D1E2BE1098F003BED1A /* LoaderView.swift in Sources */,
				66D516652BE1244800C621F9 /* UIStoryboard.swift in Sources */,
				669882BD2BDFCD2000152E38 /* AppDelegate.swift in Sources */,
				667892452BDFE23F00833942 /* WeatherViewController.swift in Sources */,
				66D516602BE11BE500C621F9 /* WeatherinfoView.swift in Sources */,
				667892402BDFDA6F00833942 /* LocationService.swift in Sources */,
				669882BF2BDFCD2000152E38 /* SceneDelegate.swift in Sources */,
				667892502BDFF6E300833942 /* SearchViewControllerModel.swift in Sources */,
				6678924E2BDFF47C00833942 /* SearchTableViewCell.swift in Sources */,
				66D5166A2BE1291700C621F9 /* City.swift in Sources */,
				66D516672BE1250400C621F9 /* UIViewController.swift in Sources */,
			);
			runOnlyForDeploymentPostprocessing = 0;
		};
/* End PBXSourcesBuildPhase section */

/* Begin PBXVariantGroup section */
		669882C22BDFCD2000152E38 /* Main.storyboard */ = {
			isa = PBXVariantGroup;
			children = (
				669882C32BDFCD2000152E38 /* Base */,
			);
			name = Main.storyboard;
			sourceTree = "<group>";
		};
		669882CA2BDFCD2100152E38 /* LaunchScreen.storyboard */ = {
			isa = PBXVariantGroup;
			children = (
				669882CB2BDFCD2100152E38 /* Base */,
			);
			name = LaunchScreen.storyboard;
			sourceTree = "<group>";
		};
/* End PBXVariantGroup section */

/* Begin XCBuildConfiguration section */
		669882CE2BDFCD2100152E38 /* Debug */ = {
			isa = XCBuildConfiguration;
			buildSettings = {
				ALWAYS_SEARCH_USER_PATHS = NO;
				ASSETCATALOG_COMPILER_GENERATE_SWIFT_ASSET_SYMBOL_EXTENSIONS = YES;
				CLANG_ANALYZER_NONNULL = YES;
				CLANG_ANALYZER_NUMBER_OBJECT_CONVERSION = YES_AGGRESSIVE;
				CLANG_CXX_LANGUAGE_STANDARD = "gnu++20";
				CLANG_ENABLE_MODULES = YES;
				CLANG_ENABLE_OBJC_ARC = YES;
				CLANG_ENABLE_OBJC_WEAK = YES;
				CLANG_WARN_BLOCK_CAPTURE_AUTORELEASING = YES;
				CLANG_WARN_BOOL_CONVERSION = YES;
				CLANG_WARN_COMMA = YES;
				CLANG_WARN_CONSTANT_CONVERSION = YES;
				CLANG_WARN_DEPRECATED_OBJC_IMPLEMENTATIONS = YES;
				CLANG_WARN_DIRECT_OBJC_ISA_USAGE = YES_ERROR;
				CLANG_WARN_DOCUMENTATION_COMMENTS = YES;
				CLANG_WARN_EMPTY_BODY = YES;
				CLANG_WARN_ENUM_CONVERSION = YES;
				CLANG_WARN_INFINITE_RECURSION = YES;
				CLANG_WARN_INT_CONVERSION = YES;
				CLANG_WARN_NON_LITERAL_NULL_CONVERSION = YES;
				CLANG_WARN_OBJC_IMPLICIT_RETAIN_SELF = YES;
				CLANG_WARN_OBJC_LITERAL_CONVERSION = YES;
				CLANG_WARN_OBJC_ROOT_CLASS = YES_ERROR;
				CLANG_WARN_QUOTED_INCLUDE_IN_FRAMEWORK_HEADER = YES;
				CLANG_WARN_RANGE_LOOP_ANALYSIS = YES;
				CLANG_WARN_STRICT_PROTOTYPES = YES;
				CLANG_WARN_SUSPICIOUS_MOVE = YES;
				CLANG_WARN_UNGUARDED_AVAILABILITY = YES_AGGRESSIVE;
				CLANG_WARN_UNREACHABLE_CODE = YES;
				CLANG_WARN__DUPLICATE_METHOD_MATCH = YES;
				COPY_PHASE_STRIP = NO;
				DEBUG_INFORMATION_FORMAT = dwarf;
				ENABLE_STRICT_OBJC_MSGSEND = YES;
				ENABLE_TESTABILITY = YES;
				ENABLE_USER_SCRIPT_SANDBOXING = NO;
				GCC_C_LANGUAGE_STANDARD = gnu17;
				GCC_DYNAMIC_NO_PIC = NO;
				GCC_NO_COMMON_BLOCKS = YES;
				GCC_OPTIMIZATION_LEVEL = 0;
				GCC_PREPROCESSOR_DEFINITIONS = (
					"DEBUG=1",
					"$(inherited)",
				);
				GCC_WARN_64_TO_32_BIT_CONVERSION = YES;
				GCC_WARN_ABOUT_RETURN_TYPE = YES_ERROR;
				GCC_WARN_UNDECLARED_SELECTOR = YES;
				GCC_WARN_UNINITIALIZED_AUTOS = YES_AGGRESSIVE;
				GCC_WARN_UNUSED_FUNCTION = YES;
				GCC_WARN_UNUSED_VARIABLE = YES;
				IPHONEOS_DEPLOYMENT_TARGET = 17.2;
				LOCALIZATION_PREFERS_STRING_CATALOGS = YES;
				MTL_ENABLE_DEBUG_INFO = INCLUDE_SOURCE;
				MTL_FAST_MATH = YES;
				ONLY_ACTIVE_ARCH = YES;
				SDKROOT = iphoneos;
				SWIFT_ACTIVE_COMPILATION_CONDITIONS = "DEBUG $(inherited)";
				SWIFT_OPTIMIZATION_LEVEL = "-Onone";
			};
			name = Debug;
		};
		669882CF2BDFCD2100152E38 /* Release */ = {
			isa = XCBuildConfiguration;
			buildSettings = {
				ALWAYS_SEARCH_USER_PATHS = NO;
				ASSETCATALOG_COMPILER_GENERATE_SWIFT_ASSET_SYMBOL_EXTENSIONS = YES;
				CLANG_ANALYZER_NONNULL = YES;
				CLANG_ANALYZER_NUMBER_OBJECT_CONVERSION = YES_AGGRESSIVE;
				CLANG_CXX_LANGUAGE_STANDARD = "gnu++20";
				CLANG_ENABLE_MODULES = YES;
				CLANG_ENABLE_OBJC_ARC = YES;
				CLANG_ENABLE_OBJC_WEAK = YES;
				CLANG_WARN_BLOCK_CAPTURE_AUTORELEASING = YES;
				CLANG_WARN_BOOL_CONVERSION = YES;
				CLANG_WARN_COMMA = YES;
				CLANG_WARN_CONSTANT_CONVERSION = YES;
				CLANG_WARN_DEPRECATED_OBJC_IMPLEMENTATIONS = YES;
				CLANG_WARN_DIRECT_OBJC_ISA_USAGE = YES_ERROR;
				CLANG_WARN_DOCUMENTATION_COMMENTS = YES;
				CLANG_WARN_EMPTY_BODY = YES;
				CLANG_WARN_ENUM_CONVERSION = YES;
				CLANG_WARN_INFINITE_RECURSION = YES;
				CLANG_WARN_INT_CONVERSION = YES;
				CLANG_WARN_NON_LITERAL_NULL_CONVERSION = YES;
				CLANG_WARN_OBJC_IMPLICIT_RETAIN_SELF = YES;
				CLANG_WARN_OBJC_LITERAL_CONVERSION = YES;
				CLANG_WARN_OBJC_ROOT_CLASS = YES_ERROR;
				CLANG_WARN_QUOTED_INCLUDE_IN_FRAMEWORK_HEADER = YES;
				CLANG_WARN_RANGE_LOOP_ANALYSIS = YES;
				CLANG_WARN_STRICT_PROTOTYPES = YES;
				CLANG_WARN_SUSPICIOUS_MOVE = YES;
				CLANG_WARN_UNGUARDED_AVAILABILITY = YES_AGGRESSIVE;
				CLANG_WARN_UNREACHABLE_CODE = YES;
				CLANG_WARN__DUPLICATE_METHOD_MATCH = YES;
				COPY_PHASE_STRIP = NO;
				DEBUG_INFORMATION_FORMAT = "dwarf-with-dsym";
				ENABLE_NS_ASSERTIONS = NO;
				ENABLE_STRICT_OBJC_MSGSEND = YES;
				ENABLE_USER_SCRIPT_SANDBOXING = NO;
				GCC_C_LANGUAGE_STANDARD = gnu17;
				GCC_NO_COMMON_BLOCKS = YES;
				GCC_WARN_64_TO_32_BIT_CONVERSION = YES;
				GCC_WARN_ABOUT_RETURN_TYPE = YES_ERROR;
				GCC_WARN_UNDECLARED_SELECTOR = YES;
				GCC_WARN_UNINITIALIZED_AUTOS = YES_AGGRESSIVE;
				GCC_WARN_UNUSED_FUNCTION = YES;
				GCC_WARN_UNUSED_VARIABLE = YES;
				IPHONEOS_DEPLOYMENT_TARGET = 17.2;
				LOCALIZATION_PREFERS_STRING_CATALOGS = YES;
				MTL_ENABLE_DEBUG_INFO = NO;
				MTL_FAST_MATH = YES;
				SDKROOT = iphoneos;
				SWIFT_COMPILATION_MODE = wholemodule;
				VALIDATE_PRODUCT = YES;
			};
			name = Release;
		};
		669882D12BDFCD2100152E38 /* Debug */ = {
			isa = XCBuildConfiguration;
			baseConfigurationReference = 7E981B3D75BB95A2DB3EC5AB /* Pods-TestWeather.debug.xcconfig */;
			buildSettings = {
				ASSETCATALOG_COMPILER_APPICON_NAME = AppIcon;
				ASSETCATALOG_COMPILER_GLOBAL_ACCENT_COLOR_NAME = AccentColor;
				CODE_SIGN_STYLE = Automatic;
				CURRENT_PROJECT_VERSION = 1;
				DEVELOPMENT_TEAM = SFGHJ65BUZ;
				GENERATE_INFOPLIST_FILE = YES;
				INFOPLIST_FILE = TestWeather/Info.plist;
				INFOPLIST_KEY_UIApplicationSupportsIndirectInputEvents = YES;
				INFOPLIST_KEY_UILaunchStoryboardName = LaunchScreen;
				INFOPLIST_KEY_UIMainStoryboardFile = Main;
				INFOPLIST_KEY_UISupportedInterfaceOrientations_iPad = "UIInterfaceOrientationPortrait UIInterfaceOrientationPortraitUpsideDown UIInterfaceOrientationLandscapeLeft UIInterfaceOrientationLandscapeRight";
				INFOPLIST_KEY_UISupportedInterfaceOrientations_iPhone = "UIInterfaceOrientationPortrait UIInterfaceOrientationLandscapeLeft UIInterfaceOrientationLandscapeRight";
				LD_RUNPATH_SEARCH_PATHS = (
					"$(inherited)",
					"@executable_path/Frameworks",
				);
				MARKETING_VERSION = 1.0;
				PRODUCT_BUNDLE_IDENTIFIER = dt.TestWeather;
				PRODUCT_NAME = "$(TARGET_NAME)";
				SWIFT_EMIT_LOC_STRINGS = YES;
				SWIFT_VERSION = 5.0;
				TARGETED_DEVICE_FAMILY = "1,2";
			};
			name = Debug;
		};
		669882D22BDFCD2100152E38 /* Release */ = {
			isa = XCBuildConfiguration;
			baseConfigurationReference = 150455E3DEBD20462EC98D41 /* Pods-TestWeather.release.xcconfig */;
			buildSettings = {
				ASSETCATALOG_COMPILER_APPICON_NAME = AppIcon;
				ASSETCATALOG_COMPILER_GLOBAL_ACCENT_COLOR_NAME = AccentColor;
				CODE_SIGN_STYLE = Automatic;
				CURRENT_PROJECT_VERSION = 1;
				DEVELOPMENT_TEAM = SFGHJ65BUZ;
				GENERATE_INFOPLIST_FILE = YES;
				INFOPLIST_FILE = TestWeather/Info.plist;
				INFOPLIST_KEY_UIApplicationSupportsIndirectInputEvents = YES;
				INFOPLIST_KEY_UILaunchStoryboardName = LaunchScreen;
				INFOPLIST_KEY_UIMainStoryboardFile = Main;
				INFOPLIST_KEY_UISupportedInterfaceOrientations_iPad = "UIInterfaceOrientationPortrait UIInterfaceOrientationPortraitUpsideDown UIInterfaceOrientationLandscapeLeft UIInterfaceOrientationLandscapeRight";
				INFOPLIST_KEY_UISupportedInterfaceOrientations_iPhone = "UIInterfaceOrientationPortrait UIInterfaceOrientationLandscapeLeft UIInterfaceOrientationLandscapeRight";
				LD_RUNPATH_SEARCH_PATHS = (
					"$(inherited)",
					"@executable_path/Frameworks",
				);
				MARKETING_VERSION = 1.0;
				PRODUCT_BUNDLE_IDENTIFIER = dt.TestWeather;
				PRODUCT_NAME = "$(TARGET_NAME)";
				SWIFT_EMIT_LOC_STRINGS = YES;
				SWIFT_VERSION = 5.0;
				TARGETED_DEVICE_FAMILY = "1,2";
			};
			name = Release;
		};
/* End XCBuildConfiguration section */

/* Begin XCConfigurationList section */
		669882B42BDFCD2000152E38 /* Build configuration list for PBXProject "TestWeather" */ = {
			isa = XCConfigurationList;
			buildConfigurations = (
				669882CE2BDFCD2100152E38 /* Debug */,
				669882CF2BDFCD2100152E38 /* Release */,
			);
			defaultConfigurationIsVisible = 0;
			defaultConfigurationName = Release;
		};
		669882D02BDFCD2100152E38 /* Build configuration list for PBXNativeTarget "TestWeather" */ = {
			isa = XCConfigurationList;
			buildConfigurations = (
				669882D12BDFCD2100152E38 /* Debug */,
				669882D22BDFCD2100152E38 /* Release */,
			);
			defaultConfigurationIsVisible = 0;
			defaultConfigurationName = Release;
		};
/* End XCConfigurationList section */

/* Begin XCVersionGroup section */
		669882C52BDFCD2000152E38 /* TestWeather.xcdatamodeld */ = {
			isa = XCVersionGroup;
			children = (
				669882C62BDFCD2000152E38 /* TestWeather.xcdatamodel */,
			);
			currentVersion = 669882C62BDFCD2000152E38 /* TestWeather.xcdatamodel */;
			path = TestWeather.xcdatamodeld;
			sourceTree = "<group>";
			versionGroupType = wrapper.xcdatamodel;
		};
/* End XCVersionGroup section */
	};
	rootObject = 669882B12BDFCD2000152E38 /* Project object */;
}
